
Microsoft Visual Studio Solution File, Format Version 12.00
# Visual Studio Version 16
VisualStudioVersion = 16.0.30523.141
MinimumVisualStudioVersion = 10.0.40219.1
Project("{FAE04EC0-301F-11D3-BF4B-00C04F79EFBC}") = "Conditional Statements - Homework", "Conditional Statements - Homework\Conditional Statements - Homework.csproj", "{C8DF20BB-9A47-495D-B5E7-B0BEA9AC91FE}"
EndProject
Global
	GlobalSection(SolutionConfigurationPlatforms) = preSolution
		Debug|Any CPU = Debug|Any CPU
		Release|Any CPU = Release|Any CPU
	EndGlobalSection
	GlobalSection(ProjectConfigurationPlatforms) = postSolution
		{C8DF20BB-9A47-495D-B5E7-B0BEA9AC91FE}.Debug|Any CPU.ActiveCfg = Debug|Any CPU
		{C8DF20BB-9A47-495D-B5E7-B0BEA9AC91FE}.Debug|Any CPU.Build.0 = Debug|Any CPU
		{C8DF20BB-9A47-495D-B5E7-B0BEA9AC91FE}.Release|Any CPU.ActiveCfg = Release|Any CPU
		{C8DF20BB-9A47-495D-B5E7-B0BEA9AC91FE}.Release|Any CPU.Build.0 = Release|Any CPU
	EndGlobalSection
	GlobalSection(SolutionProperties) = preSolution
		HideSolutionNode = FALSE
	EndGlobalSection
	GlobalSection(ExtensibilityGlobals) = postSolution
		SolutionGuid = {AE359392-DD03-4597-A55D-F9A05C56B1FB}
	EndGlobalSection
EndGlobal
