
Microsoft Visual Studio Solution File, Format Version 12.00
# Visual Studio Version 16
VisualStudioVersion = 16.0.30517.126
MinimumVisualStudioVersion = 10.0.40219.1
Project("{9A19103F-16F7-4668-BE54-9A1E7A4F7556}") = "01 Crooked Digits", "ME_01_01\01 Crooked Digits.csproj", "{2BBBD783-BFF0-4756-A69A-A64BC9780AD4}"
EndProject
Project("{FAE04EC0-301F-11D3-BF4B-00C04F79EFBC}") = "03 Balanced Numbers", "03 Balanced Numbers\03 Balanced Numbers.csproj", "{86F892F5-2D9B-4CA9-A182-DEDCE5004D33}"
EndProject
Project("{FAE04EC0-301F-11D3-BF4B-00C04F79EFBC}") = "02 Prime Triangle", "02 Prime Triangle\02 Prime Triangle.csproj", "{19F1B81C-1A4D-459D-8177-522396CD7A8E}"
EndProject
Global
	GlobalSection(SolutionConfigurationPlatforms) = preSolution
		Debug|Any CPU = Debug|Any CPU
		Release|Any CPU = Release|Any CPU
	EndGlobalSection
	GlobalSection(ProjectConfigurationPlatforms) = postSolution
		{2BBBD783-BFF0-4756-A69A-A64BC9780AD4}.Debug|Any CPU.ActiveCfg = Debug|Any CPU
		{2BBBD783-BFF0-4756-A69A-A64BC9780AD4}.Debug|Any CPU.Build.0 = Debug|Any CPU
		{2BBBD783-BFF0-4756-A69A-A64BC9780AD4}.Release|Any CPU.ActiveCfg = Release|Any CPU
		{2BBBD783-BFF0-4756-A69A-A64BC9780AD4}.Release|Any CPU.Build.0 = Release|Any CPU
		{86F892F5-2D9B-4CA9-A182-DEDCE5004D33}.Debug|Any CPU.ActiveCfg = Debug|Any CPU
		{86F892F5-2D9B-4CA9-A182-DEDCE5004D33}.Debug|Any CPU.Build.0 = Debug|Any CPU
		{86F892F5-2D9B-4CA9-A182-DEDCE5004D33}.Release|Any CPU.ActiveCfg = Release|Any CPU
		{86F892F5-2D9B-4CA9-A182-DEDCE5004D33}.Release|Any CPU.Build.0 = Release|Any CPU
		{19F1B81C-1A4D-459D-8177-522396CD7A8E}.Debug|Any CPU.ActiveCfg = Debug|Any CPU
		{19F1B81C-1A4D-459D-8177-522396CD7A8E}.Debug|Any CPU.Build.0 = Debug|Any CPU
		{19F1B81C-1A4D-459D-8177-522396CD7A8E}.Release|Any CPU.ActiveCfg = Release|Any CPU
		{19F1B81C-1A4D-459D-8177-522396CD7A8E}.Release|Any CPU.Build.0 = Release|Any CPU
	EndGlobalSection
	GlobalSection(SolutionProperties) = preSolution
		HideSolutionNode = FALSE
	EndGlobalSection
	GlobalSection(ExtensibilityGlobals) = postSolution
		SolutionGuid = {12435DF7-7307-4F4A-AB47-A44643163979}
	EndGlobalSection
EndGlobal
