
Microsoft Visual Studio Solution File, Format Version 12.00
# Visual Studio Version 16
VisualStudioVersion = 16.0.30517.126
MinimumVisualStudioVersion = 10.0.40219.1
Project("{FAE04EC0-301F-11D3-BF4B-00C04F79EFBC}") = "ME_01_01", "ME_01_01\ME_01_01.csproj", "{2BBBD783-BFF0-4756-A69A-A64BC9780AD4}"
EndProject
Global
	GlobalSection(SolutionConfigurationPlatforms) = preSolution
		Debug|Any CPU = Debug|Any CPU
		Release|Any CPU = Release|Any CPU
	EndGlobalSection
	GlobalSection(ProjectConfigurationPlatforms) = postSolution
		{2BBBD783-BFF0-4756-A69A-A64BC9780AD4}.Debug|Any CPU.ActiveCfg = Debug|Any CPU
		{2BBBD783-BFF0-4756-A69A-A64BC9780AD4}.Debug|Any CPU.Build.0 = Debug|Any CPU
		{2BBBD783-BFF0-4756-A69A-A64BC9780AD4}.Release|Any CPU.ActiveCfg = Release|Any CPU
		{2BBBD783-BFF0-4756-A69A-A64BC9780AD4}.Release|Any CPU.Build.0 = Release|Any CPU
	EndGlobalSection
	GlobalSection(SolutionProperties) = preSolution
		HideSolutionNode = FALSE
	EndGlobalSection
	GlobalSection(ExtensibilityGlobals) = postSolution
		SolutionGuid = {12435DF7-7307-4F4A-AB47-A44643163979}
	EndGlobalSection
EndGlobal
