
Microsoft Visual Studio Solution File, Format Version 12.00
# Visual Studio Version 16
VisualStudioVersion = 16.0.30804.86
MinimumVisualStudioVersion = 10.0.40219.1
Project("{FAE04EC0-301F-11D3-BF4B-00C04F79EFBC}") = "test", "test\test.csproj", "{F3823856-344A-442A-A2BE-2507AFA24718}"
EndProject
Global
	GlobalSection(SolutionConfigurationPlatforms) = preSolution
		Debug|Any CPU = Debug|Any CPU
		Release|Any CPU = Release|Any CPU
	EndGlobalSection
	GlobalSection(ProjectConfigurationPlatforms) = postSolution
		{F3823856-344A-442A-A2BE-2507AFA24718}.Debug|Any CPU.ActiveCfg = Debug|Any CPU
		{F3823856-344A-442A-A2BE-2507AFA24718}.Debug|Any CPU.Build.0 = Debug|Any CPU
		{F3823856-344A-442A-A2BE-2507AFA24718}.Release|Any CPU.ActiveCfg = Release|Any CPU
		{F3823856-344A-442A-A2BE-2507AFA24718}.Release|Any CPU.Build.0 = Release|Any CPU
	EndGlobalSection
	GlobalSection(SolutionProperties) = preSolution
		HideSolutionNode = FALSE
	EndGlobalSection
	GlobalSection(ExtensibilityGlobals) = postSolution
		SolutionGuid = {7507A3E0-956F-40CB-8AEF-148D1F7C454F}
	EndGlobalSection
EndGlobal
