
Microsoft Visual Studio Solution File, Format Version 12.00
# Visual Studio Version 16
VisualStudioVersion = 16.0.30517.126
MinimumVisualStudioVersion = 10.0.40219.1
Project("{9A19103F-16F7-4668-BE54-9A1E7A4F7556}") = "Game", "Game\Game.csproj", "{C540994F-A1B7-4470-9DDF-F9227F4A8C80}"
EndProject
Project("{9A19103F-16F7-4668-BE54-9A1E7A4F7556}") = "Electronic_message", "Electronic_message\Electronic_message.csproj", "{64354CA2-B8E4-47F2-991B-4BA7619F1B91}"
EndProject
Project("{FAE04EC0-301F-11D3-BF4B-00C04F79EFBC}") = "Mirror_codes", "Mirror_codes\Mirror_codes.csproj", "{18E6D519-BFDC-4F48-9774-FDC8EF52AF5A}"
EndProject
Project("{FAE04EC0-301F-11D3-BF4B-00C04F79EFBC}") = "Ordering", "Ordering\Ordering.csproj", "{B34ABC0D-8155-4949-BE5C-6DFEE88241B8}"
EndProject
Project("{FAE04EC0-301F-11D3-BF4B-00C04F79EFBC}") = "Play_card", "Play_card\Play_card.csproj", "{DAD8DE22-A46F-408D-8749-6C6FDB2F064B}"
EndProject
Global
	GlobalSection(SolutionConfigurationPlatforms) = preSolution
		Debug|Any CPU = Debug|Any CPU
		Release|Any CPU = Release|Any CPU
	EndGlobalSection
	GlobalSection(ProjectConfigurationPlatforms) = postSolution
		{C540994F-A1B7-4470-9DDF-F9227F4A8C80}.Debug|Any CPU.ActiveCfg = Debug|Any CPU
		{C540994F-A1B7-4470-9DDF-F9227F4A8C80}.Debug|Any CPU.Build.0 = Debug|Any CPU
		{C540994F-A1B7-4470-9DDF-F9227F4A8C80}.Release|Any CPU.ActiveCfg = Release|Any CPU
		{C540994F-A1B7-4470-9DDF-F9227F4A8C80}.Release|Any CPU.Build.0 = Release|Any CPU
		{64354CA2-B8E4-47F2-991B-4BA7619F1B91}.Debug|Any CPU.ActiveCfg = Debug|Any CPU
		{64354CA2-B8E4-47F2-991B-4BA7619F1B91}.Debug|Any CPU.Build.0 = Debug|Any CPU
		{64354CA2-B8E4-47F2-991B-4BA7619F1B91}.Release|Any CPU.ActiveCfg = Release|Any CPU
		{64354CA2-B8E4-47F2-991B-4BA7619F1B91}.Release|Any CPU.Build.0 = Release|Any CPU
		{18E6D519-BFDC-4F48-9774-FDC8EF52AF5A}.Debug|Any CPU.ActiveCfg = Debug|Any CPU
		{18E6D519-BFDC-4F48-9774-FDC8EF52AF5A}.Debug|Any CPU.Build.0 = Debug|Any CPU
		{18E6D519-BFDC-4F48-9774-FDC8EF52AF5A}.Release|Any CPU.ActiveCfg = Release|Any CPU
		{18E6D519-BFDC-4F48-9774-FDC8EF52AF5A}.Release|Any CPU.Build.0 = Release|Any CPU
		{B34ABC0D-8155-4949-BE5C-6DFEE88241B8}.Debug|Any CPU.ActiveCfg = Debug|Any CPU
		{B34ABC0D-8155-4949-BE5C-6DFEE88241B8}.Debug|Any CPU.Build.0 = Debug|Any CPU
		{B34ABC0D-8155-4949-BE5C-6DFEE88241B8}.Release|Any CPU.ActiveCfg = Release|Any CPU
		{B34ABC0D-8155-4949-BE5C-6DFEE88241B8}.Release|Any CPU.Build.0 = Release|Any CPU
		{DAD8DE22-A46F-408D-8749-6C6FDB2F064B}.Debug|Any CPU.ActiveCfg = Debug|Any CPU
		{DAD8DE22-A46F-408D-8749-6C6FDB2F064B}.Debug|Any CPU.Build.0 = Debug|Any CPU
		{DAD8DE22-A46F-408D-8749-6C6FDB2F064B}.Release|Any CPU.ActiveCfg = Release|Any CPU
		{DAD8DE22-A46F-408D-8749-6C6FDB2F064B}.Release|Any CPU.Build.0 = Release|Any CPU
	EndGlobalSection
	GlobalSection(SolutionProperties) = preSolution
		HideSolutionNode = FALSE
	EndGlobalSection
	GlobalSection(ExtensibilityGlobals) = postSolution
		SolutionGuid = {13B73628-1110-48AD-AF03-24F62DCC5DD4}
	EndGlobalSection
EndGlobal
