
Microsoft Visual Studio Solution File, Format Version 12.00
# Visual Studio Version 16
VisualStudioVersion = 16.0.30517.126
MinimumVisualStudioVersion = 10.0.40219.1
Project("{9A19103F-16F7-4668-BE54-9A1E7A4F7556}") = "Biggest_prime_number", "Biggest_prime_number\Biggest_prime_number.csproj", "{33DA9A73-D47A-49E7-9DA2-6A137686A244}"
EndProject
Project("{9A19103F-16F7-4668-BE54-9A1E7A4F7556}") = "Forrest_road", "Forrest_road\Forrest_road.csproj", "{F7113095-9B54-40C8-9F07-95FA089084EC}"
EndProject
Project("{FAE04EC0-301F-11D3-BF4B-00C04F79EFBC}") = "Good_numbers", "Good_numbers\Good_numbers.csproj", "{433E1DDF-B55B-44E6-8CD0-55C34A2177C4}"
EndProject
Global
	GlobalSection(SolutionConfigurationPlatforms) = preSolution
		Debug|Any CPU = Debug|Any CPU
		Release|Any CPU = Release|Any CPU
	EndGlobalSection
	GlobalSection(ProjectConfigurationPlatforms) = postSolution
		{33DA9A73-D47A-49E7-9DA2-6A137686A244}.Debug|Any CPU.ActiveCfg = Debug|Any CPU
		{33DA9A73-D47A-49E7-9DA2-6A137686A244}.Debug|Any CPU.Build.0 = Debug|Any CPU
		{33DA9A73-D47A-49E7-9DA2-6A137686A244}.Release|Any CPU.ActiveCfg = Release|Any CPU
		{33DA9A73-D47A-49E7-9DA2-6A137686A244}.Release|Any CPU.Build.0 = Release|Any CPU
		{F7113095-9B54-40C8-9F07-95FA089084EC}.Debug|Any CPU.ActiveCfg = Debug|Any CPU
		{F7113095-9B54-40C8-9F07-95FA089084EC}.Debug|Any CPU.Build.0 = Debug|Any CPU
		{F7113095-9B54-40C8-9F07-95FA089084EC}.Release|Any CPU.ActiveCfg = Release|Any CPU
		{F7113095-9B54-40C8-9F07-95FA089084EC}.Release|Any CPU.Build.0 = Release|Any CPU
		{433E1DDF-B55B-44E6-8CD0-55C34A2177C4}.Debug|Any CPU.ActiveCfg = Debug|Any CPU
		{433E1DDF-B55B-44E6-8CD0-55C34A2177C4}.Debug|Any CPU.Build.0 = Debug|Any CPU
		{433E1DDF-B55B-44E6-8CD0-55C34A2177C4}.Release|Any CPU.ActiveCfg = Release|Any CPU
		{433E1DDF-B55B-44E6-8CD0-55C34A2177C4}.Release|Any CPU.Build.0 = Release|Any CPU
	EndGlobalSection
	GlobalSection(SolutionProperties) = preSolution
		HideSolutionNode = FALSE
	EndGlobalSection
	GlobalSection(ExtensibilityGlobals) = postSolution
		SolutionGuid = {D5318672-CC08-431F-ADF9-AAA768997F78}
	EndGlobalSection
EndGlobal
