
Microsoft Visual Studio Solution File, Format Version 12.00
# Visual Studio Version 16
VisualStudioVersion = 16.0.30517.126
MinimumVisualStudioVersion = 10.0.40219.1
Project("{FAE04EC0-301F-11D3-BF4B-00C04F79EFBC}") = "Problem 01. Compare arrays", "Problem 1. Compare arrays\Problem 01. Compare arrays.csproj", "{C218FCA2-934F-44EF-AAA9-5C07679782B8}"
EndProject
Project("{FAE04EC0-301F-11D3-BF4B-00C04F79EFBC}") = "test", "test\test.csproj", "{F5D863D6-83A2-48A4-8D44-7B92BA97D5F0}"
EndProject
Project("{FAE04EC0-301F-11D3-BF4B-00C04F79EFBC}") = "Problem 02. Compare Char Arrays Lex", "Problem 2. Compare Char Arrays Lex\Problem 02. Compare Char Arrays Lex.csproj", "{4FA02DC2-2775-4C77-91CE-2001910225B8}"
EndProject
Project("{FAE04EC0-301F-11D3-BF4B-00C04F79EFBC}") = "Problem 03. Maximum Sequence", "Problem 03. Maximum Sequence\Problem 03. Maximum Sequence.csproj", "{1B744193-E1EB-4E46-B9E8-AFCDC2205B8F}"
EndProject
Project("{FAE04EC0-301F-11D3-BF4B-00C04F79EFBC}") = "Problem 04. Is Array Sorted", "Problem 04. Is Array Sorted\Problem 04. Is Array Sorted.csproj", "{2F22F9F5-CD03-4D50-8F6B-B0326C631514}"
EndProject
Project("{FAE04EC0-301F-11D3-BF4B-00C04F79EFBC}") = "Problem 05. Find Two Biggest Num", "Problem 05. Find Two Biggest Num\Problem 05. Find Two Biggest Num.csproj", "{3093D425-FB73-4C7D-BB8B-39E44A4B775B}"
EndProject
Project("{FAE04EC0-301F-11D3-BF4B-00C04F79EFBC}") = "Problem 06. Is Array Symmetric", "Problem 06. Is Array Symmetric\Problem 06. Is Array Symmetric.csproj", "{DE3AD6EE-EF14-4F77-ABA4-E06376306435}"
EndProject
Global
	GlobalSection(SolutionConfigurationPlatforms) = preSolution
		Debug|Any CPU = Debug|Any CPU
		Release|Any CPU = Release|Any CPU
	EndGlobalSection
	GlobalSection(ProjectConfigurationPlatforms) = postSolution
		{C218FCA2-934F-44EF-AAA9-5C07679782B8}.Debug|Any CPU.ActiveCfg = Debug|Any CPU
		{C218FCA2-934F-44EF-AAA9-5C07679782B8}.Debug|Any CPU.Build.0 = Debug|Any CPU
		{C218FCA2-934F-44EF-AAA9-5C07679782B8}.Release|Any CPU.ActiveCfg = Release|Any CPU
		{C218FCA2-934F-44EF-AAA9-5C07679782B8}.Release|Any CPU.Build.0 = Release|Any CPU
		{F5D863D6-83A2-48A4-8D44-7B92BA97D5F0}.Debug|Any CPU.ActiveCfg = Debug|Any CPU
		{F5D863D6-83A2-48A4-8D44-7B92BA97D5F0}.Debug|Any CPU.Build.0 = Debug|Any CPU
		{F5D863D6-83A2-48A4-8D44-7B92BA97D5F0}.Release|Any CPU.ActiveCfg = Release|Any CPU
		{F5D863D6-83A2-48A4-8D44-7B92BA97D5F0}.Release|Any CPU.Build.0 = Release|Any CPU
		{4FA02DC2-2775-4C77-91CE-2001910225B8}.Debug|Any CPU.ActiveCfg = Debug|Any CPU
		{4FA02DC2-2775-4C77-91CE-2001910225B8}.Debug|Any CPU.Build.0 = Debug|Any CPU
		{4FA02DC2-2775-4C77-91CE-2001910225B8}.Release|Any CPU.ActiveCfg = Release|Any CPU
		{4FA02DC2-2775-4C77-91CE-2001910225B8}.Release|Any CPU.Build.0 = Release|Any CPU
		{1B744193-E1EB-4E46-B9E8-AFCDC2205B8F}.Debug|Any CPU.ActiveCfg = Debug|Any CPU
		{1B744193-E1EB-4E46-B9E8-AFCDC2205B8F}.Debug|Any CPU.Build.0 = Debug|Any CPU
		{1B744193-E1EB-4E46-B9E8-AFCDC2205B8F}.Release|Any CPU.ActiveCfg = Release|Any CPU
		{1B744193-E1EB-4E46-B9E8-AFCDC2205B8F}.Release|Any CPU.Build.0 = Release|Any CPU
		{2F22F9F5-CD03-4D50-8F6B-B0326C631514}.Debug|Any CPU.ActiveCfg = Debug|Any CPU
		{2F22F9F5-CD03-4D50-8F6B-B0326C631514}.Debug|Any CPU.Build.0 = Debug|Any CPU
		{2F22F9F5-CD03-4D50-8F6B-B0326C631514}.Release|Any CPU.ActiveCfg = Release|Any CPU
		{2F22F9F5-CD03-4D50-8F6B-B0326C631514}.Release|Any CPU.Build.0 = Release|Any CPU
		{3093D425-FB73-4C7D-BB8B-39E44A4B775B}.Debug|Any CPU.ActiveCfg = Debug|Any CPU
		{3093D425-FB73-4C7D-BB8B-39E44A4B775B}.Debug|Any CPU.Build.0 = Debug|Any CPU
		{3093D425-FB73-4C7D-BB8B-39E44A4B775B}.Release|Any CPU.ActiveCfg = Release|Any CPU
		{3093D425-FB73-4C7D-BB8B-39E44A4B775B}.Release|Any CPU.Build.0 = Release|Any CPU
		{DE3AD6EE-EF14-4F77-ABA4-E06376306435}.Debug|Any CPU.ActiveCfg = Debug|Any CPU
		{DE3AD6EE-EF14-4F77-ABA4-E06376306435}.Debug|Any CPU.Build.0 = Debug|Any CPU
		{DE3AD6EE-EF14-4F77-ABA4-E06376306435}.Release|Any CPU.ActiveCfg = Release|Any CPU
		{DE3AD6EE-EF14-4F77-ABA4-E06376306435}.Release|Any CPU.Build.0 = Release|Any CPU
	EndGlobalSection
	GlobalSection(SolutionProperties) = preSolution
		HideSolutionNode = FALSE
	EndGlobalSection
	GlobalSection(ExtensibilityGlobals) = postSolution
		SolutionGuid = {B87D67FF-5140-4003-B243-3C9D9E8996B5}
	EndGlobalSection
EndGlobal
