
Microsoft Visual Studio Solution File, Format Version 12.00
# Visual Studio Version 16
VisualStudioVersion = 16.0.30804.86
MinimumVisualStudioVersion = 10.0.40219.1
Project("{FAE04EC0-301F-11D3-BF4B-00C04F79EFBC}") = "Combine_lists", "Combine_lists\Combine_lists.csproj", "{5A3BF961-FC9F-4E6E-97C4-A71F21F5E5BC}"
EndProject
Project("{FAE04EC0-301F-11D3-BF4B-00C04F79EFBC}") = "Most_frequent", "Most_frequent\Most_frequent.csproj", "{B26721FE-842A-4F80-A8B2-2D9F190F7224}"
EndProject
Global
	GlobalSection(SolutionConfigurationPlatforms) = preSolution
		Debug|Any CPU = Debug|Any CPU
		Release|Any CPU = Release|Any CPU
	EndGlobalSection
	GlobalSection(ProjectConfigurationPlatforms) = postSolution
		{5A3BF961-FC9F-4E6E-97C4-A71F21F5E5BC}.Debug|Any CPU.ActiveCfg = Debug|Any CPU
		{5A3BF961-FC9F-4E6E-97C4-A71F21F5E5BC}.Debug|Any CPU.Build.0 = Debug|Any CPU
		{5A3BF961-FC9F-4E6E-97C4-A71F21F5E5BC}.Release|Any CPU.ActiveCfg = Release|Any CPU
		{5A3BF961-FC9F-4E6E-97C4-A71F21F5E5BC}.Release|Any CPU.Build.0 = Release|Any CPU
		{B26721FE-842A-4F80-A8B2-2D9F190F7224}.Debug|Any CPU.ActiveCfg = Debug|Any CPU
		{B26721FE-842A-4F80-A8B2-2D9F190F7224}.Debug|Any CPU.Build.0 = Debug|Any CPU
		{B26721FE-842A-4F80-A8B2-2D9F190F7224}.Release|Any CPU.ActiveCfg = Release|Any CPU
		{B26721FE-842A-4F80-A8B2-2D9F190F7224}.Release|Any CPU.Build.0 = Release|Any CPU
	EndGlobalSection
	GlobalSection(SolutionProperties) = preSolution
		HideSolutionNode = FALSE
	EndGlobalSection
	GlobalSection(ExtensibilityGlobals) = postSolution
		SolutionGuid = {04020114-6C2A-4DB5-BE58-E9F54E907CA3}
	EndGlobalSection
EndGlobal
