
Microsoft Visual Studio Solution File, Format Version 12.00
# Visual Studio Version 16
VisualStudioVersion = 16.0.30804.86
MinimumVisualStudioVersion = 10.0.40219.1
Project("{9A19103F-16F7-4668-BE54-9A1E7A4F7556}") = "Get_Largest_Number", "Get_Largest_Number\Get_Largest_Number.csproj", "{ADA8C118-9B30-45B0-9B14-6B1F8DE48FCF}"
EndProject
Project("{9A19103F-16F7-4668-BE54-9A1E7A4F7556}") = "GDC", "GDC\GDC.csproj", "{A5275340-0EC9-4366-8879-608CA9196B6E}"
EndProject
Project("{9A19103F-16F7-4668-BE54-9A1E7A4F7556}") = "Spiral_matrix", "Spiral_matrix\Spiral_matrix.csproj", "{9809C39C-42F1-44E7-A4E8-0556C1E79475}"
EndProject
Project("{9A19103F-16F7-4668-BE54-9A1E7A4F7556}") = "Ranks", "Ranks\Ranks.csproj", "{F78E31C9-8349-4884-AFFD-4BBA5261D81B}"
EndProject
Project("{9A19103F-16F7-4668-BE54-9A1E7A4F7556}") = "Appearance_Count", "Appearance_Count\Appearance_Count.csproj", "{30A3FCA3-EA1D-48E4-B61B-1901942A6EF0}"
EndProject
Project("{9A19103F-16F7-4668-BE54-9A1E7A4F7556}") = "Largest_than_Neigh", "Largest_than_Neigh\Largest_than_Neigh.csproj", "{5C73E777-148D-4CFE-BC67-BC191D206C48}"
EndProject
Project("{9A19103F-16F7-4668-BE54-9A1E7A4F7556}") = "FirstLargest", "FirstLargest\FirstLargest.csproj", "{FA695290-4FE3-43CE-8DBD-17853F8D772B}"
EndProject
Project("{9A19103F-16F7-4668-BE54-9A1E7A4F7556}") = "Catalan_numbers", "Catalan_numbers\Catalan_numbers.csproj", "{1A5AC85C-C9E8-4252-AE57-7123561E2505}"
EndProject
Project("{9A19103F-16F7-4668-BE54-9A1E7A4F7556}") = "Even_Numbers", "Even_Numbers\Even_Numbers.csproj", "{56D5DB6A-8473-46D2-B783-B7E60DEBAA51}"
EndProject
Project("{FAE04EC0-301F-11D3-BF4B-00C04F79EFBC}") = "test", "test\test.csproj", "{715B509B-76E2-4D2A-B27C-8582CEB9DE58}"
EndProject
Global
	GlobalSection(SolutionConfigurationPlatforms) = preSolution
		Debug|Any CPU = Debug|Any CPU
		Release|Any CPU = Release|Any CPU
	EndGlobalSection
	GlobalSection(ProjectConfigurationPlatforms) = postSolution
		{ADA8C118-9B30-45B0-9B14-6B1F8DE48FCF}.Debug|Any CPU.ActiveCfg = Debug|Any CPU
		{ADA8C118-9B30-45B0-9B14-6B1F8DE48FCF}.Debug|Any CPU.Build.0 = Debug|Any CPU
		{ADA8C118-9B30-45B0-9B14-6B1F8DE48FCF}.Release|Any CPU.ActiveCfg = Release|Any CPU
		{ADA8C118-9B30-45B0-9B14-6B1F8DE48FCF}.Release|Any CPU.Build.0 = Release|Any CPU
		{A5275340-0EC9-4366-8879-608CA9196B6E}.Debug|Any CPU.ActiveCfg = Debug|Any CPU
		{A5275340-0EC9-4366-8879-608CA9196B6E}.Debug|Any CPU.Build.0 = Debug|Any CPU
		{A5275340-0EC9-4366-8879-608CA9196B6E}.Release|Any CPU.ActiveCfg = Release|Any CPU
		{A5275340-0EC9-4366-8879-608CA9196B6E}.Release|Any CPU.Build.0 = Release|Any CPU
		{9809C39C-42F1-44E7-A4E8-0556C1E79475}.Debug|Any CPU.ActiveCfg = Debug|Any CPU
		{9809C39C-42F1-44E7-A4E8-0556C1E79475}.Debug|Any CPU.Build.0 = Debug|Any CPU
		{9809C39C-42F1-44E7-A4E8-0556C1E79475}.Release|Any CPU.ActiveCfg = Release|Any CPU
		{9809C39C-42F1-44E7-A4E8-0556C1E79475}.Release|Any CPU.Build.0 = Release|Any CPU
		{F78E31C9-8349-4884-AFFD-4BBA5261D81B}.Debug|Any CPU.ActiveCfg = Debug|Any CPU
		{F78E31C9-8349-4884-AFFD-4BBA5261D81B}.Debug|Any CPU.Build.0 = Debug|Any CPU
		{F78E31C9-8349-4884-AFFD-4BBA5261D81B}.Release|Any CPU.ActiveCfg = Release|Any CPU
		{F78E31C9-8349-4884-AFFD-4BBA5261D81B}.Release|Any CPU.Build.0 = Release|Any CPU
		{30A3FCA3-EA1D-48E4-B61B-1901942A6EF0}.Debug|Any CPU.ActiveCfg = Debug|Any CPU
		{30A3FCA3-EA1D-48E4-B61B-1901942A6EF0}.Debug|Any CPU.Build.0 = Debug|Any CPU
		{30A3FCA3-EA1D-48E4-B61B-1901942A6EF0}.Release|Any CPU.ActiveCfg = Release|Any CPU
		{30A3FCA3-EA1D-48E4-B61B-1901942A6EF0}.Release|Any CPU.Build.0 = Release|Any CPU
		{5C73E777-148D-4CFE-BC67-BC191D206C48}.Debug|Any CPU.ActiveCfg = Debug|Any CPU
		{5C73E777-148D-4CFE-BC67-BC191D206C48}.Debug|Any CPU.Build.0 = Debug|Any CPU
		{5C73E777-148D-4CFE-BC67-BC191D206C48}.Release|Any CPU.ActiveCfg = Release|Any CPU
		{5C73E777-148D-4CFE-BC67-BC191D206C48}.Release|Any CPU.Build.0 = Release|Any CPU
		{FA695290-4FE3-43CE-8DBD-17853F8D772B}.Debug|Any CPU.ActiveCfg = Debug|Any CPU
		{FA695290-4FE3-43CE-8DBD-17853F8D772B}.Debug|Any CPU.Build.0 = Debug|Any CPU
		{FA695290-4FE3-43CE-8DBD-17853F8D772B}.Release|Any CPU.ActiveCfg = Release|Any CPU
		{FA695290-4FE3-43CE-8DBD-17853F8D772B}.Release|Any CPU.Build.0 = Release|Any CPU
		{1A5AC85C-C9E8-4252-AE57-7123561E2505}.Debug|Any CPU.ActiveCfg = Debug|Any CPU
		{1A5AC85C-C9E8-4252-AE57-7123561E2505}.Debug|Any CPU.Build.0 = Debug|Any CPU
		{1A5AC85C-C9E8-4252-AE57-7123561E2505}.Release|Any CPU.ActiveCfg = Release|Any CPU
		{1A5AC85C-C9E8-4252-AE57-7123561E2505}.Release|Any CPU.Build.0 = Release|Any CPU
		{56D5DB6A-8473-46D2-B783-B7E60DEBAA51}.Debug|Any CPU.ActiveCfg = Debug|Any CPU
		{56D5DB6A-8473-46D2-B783-B7E60DEBAA51}.Debug|Any CPU.Build.0 = Debug|Any CPU
		{56D5DB6A-8473-46D2-B783-B7E60DEBAA51}.Release|Any CPU.ActiveCfg = Release|Any CPU
		{56D5DB6A-8473-46D2-B783-B7E60DEBAA51}.Release|Any CPU.Build.0 = Release|Any CPU
		{715B509B-76E2-4D2A-B27C-8582CEB9DE58}.Debug|Any CPU.ActiveCfg = Debug|Any CPU
		{715B509B-76E2-4D2A-B27C-8582CEB9DE58}.Debug|Any CPU.Build.0 = Debug|Any CPU
		{715B509B-76E2-4D2A-B27C-8582CEB9DE58}.Release|Any CPU.ActiveCfg = Release|Any CPU
		{715B509B-76E2-4D2A-B27C-8582CEB9DE58}.Release|Any CPU.Build.0 = Release|Any CPU
	EndGlobalSection
	GlobalSection(SolutionProperties) = preSolution
		HideSolutionNode = FALSE
	EndGlobalSection
	GlobalSection(ExtensibilityGlobals) = postSolution
		SolutionGuid = {DAB2363F-5891-4A4B-939E-B6F17FA6F447}
	EndGlobalSection
EndGlobal
